
Microsoft Visual Studio Solution File, Format Version 12.00
# Visual Studio Version 17
VisualStudioVersion = 17.14.36811.4 d17.14
MinimumVisualStudioVersion = 10.0.40219.1
Project("{FAE04EC0-301F-11D3-BF4B-00C04F79EFBC}") = "SportSectionApp", "SportSectionApp\SportSectionApp.csproj", "{7EB8BC00-4230-4897-B4D8-9B11184E0370}"
EndProject
Global
	GlobalSection(SolutionConfigurationPlatforms) = preSolution
		Debug|Any CPU = Debug|Any CPU
		Release|Any CPU = Release|Any CPU
	EndGlobalSection
	GlobalSection(ProjectConfigurationPlatforms) = postSolution
		{7EB8BC00-4230-4897-B4D8-9B11184E0370}.Debug|Any CPU.ActiveCfg = Debug|Any CPU
		{7EB8BC00-4230-4897-B4D8-9B11184E0370}.Debug|Any CPU.Build.0 = Debug|Any CPU
		{7EB8BC00-4230-4897-B4D8-9B11184E0370}.Release|Any CPU.ActiveCfg = Release|Any CPU
		{7EB8BC00-4230-4897-B4D8-9B11184E0370}.Release|Any CPU.Build.0 = Release|Any CPU
	EndGlobalSection
	GlobalSection(SolutionProperties) = preSolution
		HideSolutionNode = FALSE
	EndGlobalSection
	GlobalSection(ExtensibilityGlobals) = postSolution
		SolutionGuid = {9E514D4F-DE90-416E-B282-796A96E590E5}
	EndGlobalSection
EndGlobal
